
Microsoft Visual Studio Solution File, Format Version 12.00
Project("{FAE04EC0-301F-11D3-BF4B-00C04F79EFBC}") = "GraphAPI", "GraphAPI\GraphAPI.csproj", "{BE322E6B-2596-4F61-B54F-0092E17FDB18}"
EndProject
Global
	GlobalSection(SolutionConfigurationPlatforms) = preSolution
		Debug|Any CPU = Debug|Any CPU
		Release|Any CPU = Release|Any CPU
	EndGlobalSection
	GlobalSection(ProjectConfigurationPlatforms) = postSolution
		{BE322E6B-2596-4F61-B54F-0092E17FDB18}.Debug|Any CPU.ActiveCfg = Debug|Any CPU
		{BE322E6B-2596-4F61-B54F-0092E17FDB18}.Debug|Any CPU.Build.0 = Debug|Any CPU
		{BE322E6B-2596-4F61-B54F-0092E17FDB18}.Release|Any CPU.ActiveCfg = Release|Any CPU
		{BE322E6B-2596-4F61-B54F-0092E17FDB18}.Release|Any CPU.Build.0 = Release|Any CPU
	EndGlobalSection
EndGlobal
